PODS:
  - Google-Mobile-Ads-SDK (13.11.0):
    - GoogleUserMessagingPlatform (>= 1.1)
  - GoogleUserMessagingPlatform (3.1.0)
  - OptableSDK (1.0.0)
  - PrebidMobile (3.3.4):
    - PrebidMobile/core (= 3.3.4)
  - PrebidMobile/core (3.3.4)

DEPENDENCIES:
  - Google-Mobile-Ads-SDK
  - OptableSDK (from `../`)
  - PrebidMobile

SPEC REPOS:
  trunk:
    - Google-Mobile-Ads-SDK
    - GoogleUserMessagingPlatform
    - PrebidMobile

EXTERNAL SOURCES:
  OptableSDK:
    :path: "../"

SPEC CHECKSUMS:
  Google-Mobile-Ads-SDK: 09d0868abe43b9f851b7b340a245679f0eafc96c
  GoogleUserMessagingPlatform: befe603da6501006420c206222acd449bba45a9c
  OptableSDK: 127f749734ded99deff764f29bc1342b20153b2b
  PrebidMobile: ce3afbb56904a5e8b3f5f5aa0696474d2786a96b

PODFILE CHECKSUM: 788f5abee95f41b7e281003e2cab30df58eb8547

COCOAPODS: 1.16.2
