PODS:
  - Google-Mobile-Ads-SDK (13.7.0):
    - GoogleUserMessagingPlatform (>= 1.1)
  - GoogleUserMessagingPlatform (3.1.0)
  - OptableSDK (1.0.0)
  - PrebidMobile (3.3.2):
    - PrebidMobile/core (= 3.3.2)
  - PrebidMobile/core (3.3.2)

DEPENDENCIES:
  - Google-Mobile-Ads-SDK
  - OptableSDK (from `../`)
  - PrebidMobile

SPEC REPOS:
  trunk:
    - Google-Mobile-Ads-SDK
    - GoogleUserMessagingPlatform
    - PrebidMobile

EXTERNAL SOURCES:
  OptableSDK:
    :path: "../"

SPEC CHECKSUMS:
  Google-Mobile-Ads-SDK: dd0ded6717d122c6a32c69dc4afcace7d276e4e4
  GoogleUserMessagingPlatform: befe603da6501006420c206222acd449bba45a9c
  OptableSDK: d7cb5f7a211f1bac2a0c25677f4c4b31ded8ed4e
  PrebidMobile: 309815211aeed6353a5742ad2f7a05194980f6bc

PODFILE CHECKSUM: 84321d4bbdf19f72ce3dfa6f4cb2f0a9869574ad

COCOAPODS: 1.16.2
